
Microsoft Visual Studio Solution File, Format Version 12.00
# Visual Studio Version 17
VisualStudioVersion = 17.0.31903.59
MinimumVisualStudioVersion = 10.0.40219.1
Project("{FAE04EC0-301F-11D3-BF4B-00C04F79EFBC}") = "TalentoPlus.Api", "TalentoPlus.Api\TalentoPlus.Api.csproj", "{DF4B2F50-6208-496D-9BB2-1CE46066EDD2}"
EndProject
Project("{FAE04EC0-301F-11D3-BF4B-00C04F79EFBC}") = "TalentoPlus.Web", "TalentoPlus.Web\TalentoPlus.Web.csproj", "{05CF859D-1672-4F36-BCF8-69B307162872}"
EndProject
Project("{FAE04EC0-301F-11D3-BF4B-00C04F79EFBC}") = "1-Application", "1-Application\1-Application.csproj", "{2BDA0164-5225-41CA-9FC8-5FBC504A9E16}"
EndProject
Project("{FAE04EC0-301F-11D3-BF4B-00C04F79EFBC}") = "2-Domain", "2-Domain\2-Domain.csproj", "{B573CECA-B2B9-4E3B-8151-6394B9D5D805}"
EndProject
Project("{FAE04EC0-301F-11D3-BF4B-00C04F79EFBC}") = "3-Infrastructure", "3-Infrastructure\3-Infrastructure.csproj", "{93A250C3-72A8-4E68-990F-B71776EFC282}"
EndProject
Global
	GlobalSection(SolutionConfigurationPlatforms) = preSolution
		Debug|Any CPU = Debug|Any CPU
		Debug|x64 = Debug|x64
		Debug|x86 = Debug|x86
		Release|Any CPU = Release|Any CPU
		Release|x64 = Release|x64
		Release|x86 = Release|x86
	EndGlobalSection
	GlobalSection(ProjectConfigurationPlatforms) = postSolution
		{DF4B2F50-6208-496D-9BB2-1CE46066EDD2}.Debug|Any CPU.ActiveCfg = Debug|Any CPU
		{DF4B2F50-6208-496D-9BB2-1CE46066EDD2}.Debug|Any CPU.Build.0 = Debug|Any CPU
		{DF4B2F50-6208-496D-9BB2-1CE46066EDD2}.Debug|x64.ActiveCfg = Debug|Any CPU
		{DF4B2F50-6208-496D-9BB2-1CE46066EDD2}.Debug|x64.Build.0 = Debug|Any CPU
		{DF4B2F50-6208-496D-9BB2-1CE46066EDD2}.Debug|x86.ActiveCfg = Debug|Any CPU
		{DF4B2F50-6208-496D-9BB2-1CE46066EDD2}.Debug|x86.Build.0 = Debug|Any CPU
		{DF4B2F50-6208-496D-9BB2-1CE46066EDD2}.Release|Any CPU.ActiveCfg = Release|Any CPU
		{DF4B2F50-6208-496D-9BB2-1CE46066EDD2}.Release|Any CPU.Build.0 = Release|Any CPU
		{DF4B2F50-6208-496D-9BB2-1CE46066EDD2}.Release|x64.ActiveCfg = Release|Any CPU
		{DF4B2F50-6208-496D-9BB2-1CE46066EDD2}.Release|x64.Build.0 = Release|Any CPU
		{DF4B2F50-6208-496D-9BB2-1CE46066EDD2}.Release|x86.ActiveCfg = Release|Any CPU
		{DF4B2F50-6208-496D-9BB2-1CE46066EDD2}.Release|x86.Build.0 = Release|Any CPU
		{05CF859D-1672-4F36-BCF8-69B307162872}.Debug|Any CPU.ActiveCfg = Debug|Any CPU
		{05CF859D-1672-4F36-BCF8-69B307162872}.Debug|Any CPU.Build.0 = Debug|Any CPU
		{05CF859D-1672-4F36-BCF8-69B307162872}.Debug|x64.ActiveCfg = Debug|Any CPU
		{05CF859D-1672-4F36-BCF8-69B307162872}.Debug|x64.Build.0 = Debug|Any CPU
		{05CF859D-1672-4F36-BCF8-69B307162872}.Debug|x86.ActiveCfg = Debug|Any CPU
		{05CF859D-1672-4F36-BCF8-69B307162872}.Debug|x86.Build.0 = Debug|Any CPU
		{05CF859D-1672-4F36-BCF8-69B307162872}.Release|Any CPU.ActiveCfg = Release|Any CPU
		{05CF859D-1672-4F36-BCF8-69B307162872}.Release|Any CPU.Build.0 = Release|Any CPU
		{05CF859D-1672-4F36-BCF8-69B307162872}.Release|x64.ActiveCfg = Release|Any CPU
		{05CF859D-1672-4F36-BCF8-69B307162872}.Release|x64.Build.0 = Release|Any CPU
		{05CF859D-1672-4F36-BCF8-69B307162872}.Release|x86.ActiveCfg = Release|Any CPU
		{05CF859D-1672-4F36-BCF8-69B307162872}.Release|x86.Build.0 = Release|Any CPU
		{2BDA0164-5225-41CA-9FC8-5FBC504A9E16}.Debug|Any CPU.ActiveCfg = Debug|Any CPU
		{2BDA0164-5225-41CA-9FC8-5FBC504A9E16}.Debug|Any CPU.Build.0 = Debug|Any CPU
		{2BDA0164-5225-41CA-9FC8-5FBC504A9E16}.Debug|x64.ActiveCfg = Debug|Any CPU
		{2BDA0164-5225-41CA-9FC8-5FBC504A9E16}.Debug|x64.Build.0 = Debug|Any CPU
		{2BDA0164-5225-41CA-9FC8-5FBC504A9E16}.Debug|x86.ActiveCfg = Debug|Any CPU
		{2BDA0164-5225-41CA-9FC8-5FBC504A9E16}.Debug|x86.Build.0 = Debug|Any CPU
		{2BDA0164-5225-41CA-9FC8-5FBC504A9E16}.Release|Any CPU.ActiveCfg = Release|Any CPU
		{2BDA0164-5225-41CA-9FC8-5FBC504A9E16}.Release|Any CPU.Build.0 = Release|Any CPU
		{2BDA0164-5225-41CA-9FC8-5FBC504A9E16}.Release|x64.ActiveCfg = Release|Any CPU
		{2BDA0164-5225-41CA-9FC8-5FBC504A9E16}.Release|x64.Build.0 = Release|Any CPU
		{2BDA0164-5225-41CA-9FC8-5FBC504A9E16}.Release|x86.ActiveCfg = Release|Any CPU
		{2BDA0164-5225-41CA-9FC8-5FBC504A9E16}.Release|x86.Build.0 = Release|Any CPU
		{B573CECA-B2B9-4E3B-8151-6394B9D5D805}.Debug|Any CPU.ActiveCfg = Debug|Any CPU
		{B573CECA-B2B9-4E3B-8151-6394B9D5D805}.Debug|Any CPU.Build.0 = Debug|Any CPU
		{B573CECA-B2B9-4E3B-8151-6394B9D5D805}.Debug|x64.ActiveCfg = Debug|Any CPU
		{B573CECA-B2B9-4E3B-8151-6394B9D5D805}.Debug|x64.Build.0 = Debug|Any CPU
		{B573CECA-B2B9-4E3B-8151-6394B9D5D805}.Debug|x86.ActiveCfg = Debug|Any CPU
		{B573CECA-B2B9-4E3B-8151-6394B9D5D805}.Debug|x86.Build.0 = Debug|Any CPU
		{B573CECA-B2B9-4E3B-8151-6394B9D5D805}.Release|Any CPU.ActiveCfg = Release|Any CPU
		{B573CECA-B2B9-4E3B-8151-6394B9D5D805}.Release|Any CPU.Build.0 = Release|Any CPU
		{B573CECA-B2B9-4E3B-8151-6394B9D5D805}.Release|x64.ActiveCfg = Release|Any CPU
		{B573CECA-B2B9-4E3B-8151-6394B9D5D805}.Release|x64.Build.0 = Release|Any CPU
		{B573CECA-B2B9-4E3B-8151-6394B9D5D805}.Release|x86.ActiveCfg = Release|Any CPU
		{B573CECA-B2B9-4E3B-8151-6394B9D5D805}.Release|x86.Build.0 = Release|Any CPU
		{93A250C3-72A8-4E68-990F-B71776EFC282}.Debug|Any CPU.ActiveCfg = Debug|Any CPU
		{93A250C3-72A8-4E68-990F-B71776EFC282}.Debug|Any CPU.Build.0 = Debug|Any CPU
		{93A250C3-72A8-4E68-990F-B71776EFC282}.Debug|x64.ActiveCfg = Debug|Any CPU
		{93A250C3-72A8-4E68-990F-B71776EFC282}.Debug|x64.Build.0 = Debug|Any CPU
		{93A250C3-72A8-4E68-990F-B71776EFC282}.Debug|x86.ActiveCfg = Debug|Any CPU
		{93A250C3-72A8-4E68-990F-B71776EFC282}.Debug|x86.Build.0 = Debug|Any CPU
		{93A250C3-72A8-4E68-990F-B71776EFC282}.Release|Any CPU.ActiveCfg = Release|Any CPU
		{93A250C3-72A8-4E68-990F-B71776EFC282}.Release|Any CPU.Build.0 = Release|Any CPU
		{93A250C3-72A8-4E68-990F-B71776EFC282}.Release|x64.ActiveCfg = Release|Any CPU
		{93A250C3-72A8-4E68-990F-B71776EFC282}.Release|x64.Build.0 = Release|Any CPU
		{93A250C3-72A8-4E68-990F-B71776EFC282}.Release|x86.ActiveCfg = Release|Any CPU
		{93A250C3-72A8-4E68-990F-B71776EFC282}.Release|x86.Build.0 = Release|Any CPU
	EndGlobalSection
	GlobalSection(SolutionProperties) = preSolution
		HideSolutionNode = FALSE
	EndGlobalSection
EndGlobal
